%{
  "construct": {:hex, :construct, "3.0.1", "d8b38ff4e6575382e85014692b6c04b6f987fdf365454d999192323ef724811a", [:mix], [], "hexpm", "b230fdab78f98ee950e4a8740759a55139aa745244e8f46bd6eb17feec4c0502"},
  "typed_struct": {:hex, :typed_struct, "0.3.0", "939789e3c1dca39d7170c87f729127469d1315dcf99fee8e152bb774b17e7ff7", [:mix], [], "hexpm", "c50bd5c3a61fe4e198a8504f939be3d3c85903b382bde4865579bc23111d1b6d"},
}
